
Microsoft Visual Studio Solution File, Format Version 12.00
# Visual Studio Version 16
VisualStudioVersion = 16.0.30413.136
MinimumVisualStudioVersion = 10.0.40219.1
Project("{9A19103F-16F7-4668-BE54-9A1E7A4F7556}") = "gas-stations", "gas-stations\GasStations.csproj", "{A67E1C0D-6CBC-4903-AC57-7FBBDD82CEC3}"
EndProject
Project("{9A19103F-16F7-4668-BE54-9A1E7A4F7556}") = "gas-stations", "gas-stations-demo\GasStationsDemo.csproj", "{38C74AC0-C610-4214-A7F9-50B64D3AE707}"
EndProject
Project("{FAE04EC0-301F-11D3-BF4B-00C04F79EFBC}") = "Utils", "Utils\Utils.csproj", "{FCF33AE2-3064-45BF-A699-FEBA96C199D1}"
EndProject
Global
	GlobalSection(SolutionConfigurationPlatforms) = preSolution
		Debug|Any CPU = Debug|Any CPU
		Release|Any CPU = Release|Any CPU
	EndGlobalSection
	GlobalSection(ProjectConfigurationPlatforms) = postSolution
		{A67E1C0D-6CBC-4903-AC57-7FBBDD82CEC3}.Debug|Any CPU.ActiveCfg = Debug|Any CPU
		{A67E1C0D-6CBC-4903-AC57-7FBBDD82CEC3}.Debug|Any CPU.Build.0 = Debug|Any CPU
		{A67E1C0D-6CBC-4903-AC57-7FBBDD82CEC3}.Release|Any CPU.ActiveCfg = Release|Any CPU
		{A67E1C0D-6CBC-4903-AC57-7FBBDD82CEC3}.Release|Any CPU.Build.0 = Release|Any CPU
		{38C74AC0-C610-4214-A7F9-50B64D3AE707}.Debug|Any CPU.ActiveCfg = Debug|Any CPU
		{38C74AC0-C610-4214-A7F9-50B64D3AE707}.Debug|Any CPU.Build.0 = Debug|Any CPU
		{38C74AC0-C610-4214-A7F9-50B64D3AE707}.Release|Any CPU.ActiveCfg = Release|Any CPU
		{38C74AC0-C610-4214-A7F9-50B64D3AE707}.Release|Any CPU.Build.0 = Release|Any CPU
		{FCF33AE2-3064-45BF-A699-FEBA96C199D1}.Debug|Any CPU.ActiveCfg = Debug|Any CPU
		{FCF33AE2-3064-45BF-A699-FEBA96C199D1}.Debug|Any CPU.Build.0 = Debug|Any CPU
		{FCF33AE2-3064-45BF-A699-FEBA96C199D1}.Release|Any CPU.ActiveCfg = Release|Any CPU
		{FCF33AE2-3064-45BF-A699-FEBA96C199D1}.Release|Any CPU.Build.0 = Release|Any CPU
	EndGlobalSection
	GlobalSection(SolutionProperties) = preSolution
		HideSolutionNode = FALSE
	EndGlobalSection
	GlobalSection(ExtensibilityGlobals) = postSolution
		SolutionGuid = {4757C98B-6D03-4AF9-8DCB-D5FE3FE6C307}
	EndGlobalSection
EndGlobal
